
Microsoft Visual Studio Solution File, Format Version 12.00
# Visual Studio Version 16
VisualStudioVersion = 16.0.30611.23
MinimumVisualStudioVersion = 10.0.40219.1
Project("{2150E333-8FDC-42A3-9474-1A3956D46DE8}") = "src", "src", "{5264CACC-C16A-4493-AEFB-FB7E7E1F0073}"
EndProject
Project("{6EC3EE1D-3C4E-46DD-8F32-0CC8E7565705}") = "LC3VirtualMachine", "src\LC3VirtualMachine\LC3VirtualMachine.fsproj", "{255F9F81-7D18-4D99-B094-2AE615D5E230}"
EndProject
Global
	GlobalSection(SolutionConfigurationPlatforms) = preSolution
		Debug|Any CPU = Debug|Any CPU
		Release|Any CPU = Release|Any CPU
	EndGlobalSection
	GlobalSection(ProjectConfigurationPlatforms) = postSolution
		{255F9F81-7D18-4D99-B094-2AE615D5E230}.Debug|Any CPU.ActiveCfg = Debug|Any CPU
		{255F9F81-7D18-4D99-B094-2AE615D5E230}.Debug|Any CPU.Build.0 = Debug|Any CPU
		{255F9F81-7D18-4D99-B094-2AE615D5E230}.Release|Any CPU.ActiveCfg = Release|Any CPU
		{255F9F81-7D18-4D99-B094-2AE615D5E230}.Release|Any CPU.Build.0 = Release|Any CPU
	EndGlobalSection
	GlobalSection(SolutionProperties) = preSolution
		HideSolutionNode = FALSE
	EndGlobalSection
	GlobalSection(NestedProjects) = preSolution
		{255F9F81-7D18-4D99-B094-2AE615D5E230} = {5264CACC-C16A-4493-AEFB-FB7E7E1F0073}
	EndGlobalSection
	GlobalSection(ExtensibilityGlobals) = postSolution
		SolutionGuid = {7BD6FE95-78B3-4863-A4A9-BE47D9FD73E8}
	EndGlobalSection
EndGlobal
